
Microsoft Visual Studio Solution File, Format Version 12.00
# Visual Studio 15
VisualStudioVersion = 15.0.28010.2026
MinimumVisualStudioVersion = 10.0.40219.1
Project("{2150E333-8FDC-42A3-9474-1A3956D46DE8}") = "Core", "Core", "{AAAF4F71-1A3D-4089-906D-B288EFFFA59B}"
EndProject
Project("{9A19103F-16F7-4668-BE54-9A1E7A4F7556}") = "PS.MAD.D4AS.Entities", "PS.MAD.D4AS.Entities\PS.MAD.D4AS.Entities.csproj", "{9582C8E3-E244-484B-8EE7-6961BC6BFD4C}"
EndProject
Project("{9A19103F-16F7-4668-BE54-9A1E7A4F7556}") = "PS.MAD.D4AS.UseCases", "PS.MAD.D4AS.UseCases\PS.MAD.D4AS.UseCases.csproj", "{137E7ABA-0765-4C47-9D88-EFA34B95247F}"
EndProject
Project("{2150E333-8FDC-42A3-9474-1A3956D46DE8}") = "External", "External", "{EBF07D56-076C-454B-9301-C528ECE03E54}"
EndProject
Project("{9A19103F-16F7-4668-BE54-9A1E7A4F7556}") = "PS.MAD.D4AS.DataAccess", "PS.MAD.D4AS.DataAccess\PS.MAD.D4AS.DataAccess.csproj", "{C9A93FB7-FB22-4665-BD3C-343BAAC869B1}"
EndProject
Project("{9A19103F-16F7-4668-BE54-9A1E7A4F7556}") = "PS.MAD.D4AS.Storage", "PS.MAD.D4AS.Storage\PS.MAD.D4AS.Storage.csproj", "{804CBC99-3391-4F25-9690-82AE58FE2C86}"
EndProject
Project("{9A19103F-16F7-4668-BE54-9A1E7A4F7556}") = "PS.MAD.D4AS.API", "PS.MAD.D4AS.API\PS.MAD.D4AS.API.csproj", "{CB015331-18B5-415D-9A32-7747813E6EA2}"
EndProject
Project("{9A19103F-16F7-4668-BE54-9A1E7A4F7556}") = "PS.MAD.D4AS.Startup", "PS.MAD.D4AS.Startup\PS.MAD.D4AS.Startup.csproj", "{2FEE654A-3A8A-4A92-9D5F-1005D3891B42}"
EndProject
Project("{CC5FD16D-436D-48AD-A40C-5A424C6E3E79}") = "PS.MAD.D4AS.CloudServices", "PS.MAD.D4AS.CloudServices\PS.MAD.D4AS.CloudServices.ccproj", "{0FC1B82F-14D4-4697-A98C-CB11BA167AF1}"
EndProject
Project("{FAE04EC0-301F-11D3-BF4B-00C04F79EFBC}") = "PS.MAD.D4AS.TicketValidator", "PS.MAD.D4AS.TicketValidator\PS.MAD.D4AS.TicketValidator.csproj", "{6D1B1705-9FDB-4BF4-AE2B-48C4FB73580D}"
EndProject
Project("{A07B5EB6-E848-4116-A8D0-A826331D98C6}") = "PS.MAD.D4AS.ServiceFabric", "PS.MAD.D4AS.ServiceFabric\PS.MAD.D4AS.ServiceFabric.sfproj", "{04385A44-3574-492D-9ACE-753B64427BAB}"
EndProject
Project("{9A19103F-16F7-4668-BE54-9A1E7A4F7556}") = "PS.MAD.D4AS.GuidProvider.API", "PS.MAD.D4AS.GuidProvider.API\PS.MAD.D4AS.GuidProvider.API.csproj", "{6D425067-1DCC-4DE4-B538-CBB481308572}"
EndProject
Project("{9A19103F-16F7-4668-BE54-9A1E7A4F7556}") = "PS.MAD.D4AS.GuidProvider.State", "PS.MAD.D4AS.GuidProvider.State\PS.MAD.D4AS.GuidProvider.State.csproj", "{1D0E68A3-90AB-4518-8D2C-EEFD27127898}"
EndProject
Project("{9A19103F-16F7-4668-BE54-9A1E7A4F7556}") = "PS.MAD.D4AS.GuidProvider.Worker", "PS.MAD.D4AS.GuidProvider.Worker\PS.MAD.D4AS.GuidProvider.Worker.csproj", "{CF26AC12-0226-4D68-A21F-5BC33B9CC457}"
EndProject
Project("{9A19103F-16F7-4668-BE54-9A1E7A4F7556}") = "PS.MAD.D4AS.GuidProvider.Redis", "PS.MAD.D4AS.GuidProvider.Redis\PS.MAD.D4AS.GuidProvider.Redis.csproj", "{4BAB8FEC-E54C-43C3-A63C-5290F09F722C}"
EndProject
Project("{FAE04EC0-301F-11D3-BF4B-00C04F79EFBC}") = "PS.MAD.D4AS.ErrorHandlers", "PS.MAD.D4AS.ErrorHandlers\PS.MAD.D4AS.ErrorHandlers.csproj", "{E7DAC460-0CF6-4515-967A-DC2BE39C8B7D}"
EndProject
Global
	GlobalSection(SolutionConfigurationPlatforms) = preSolution
		Debug|Any CPU = Debug|Any CPU
		Debug|x64 = Debug|x64
		Release|Any CPU = Release|Any CPU
		Release|x64 = Release|x64
	EndGlobalSection
	GlobalSection(ProjectConfigurationPlatforms) = postSolution
		{9582C8E3-E244-484B-8EE7-6961BC6BFD4C}.Debug|Any CPU.ActiveCfg = Debug|Any CPU
		{9582C8E3-E244-484B-8EE7-6961BC6BFD4C}.Debug|Any CPU.Build.0 = Debug|Any CPU
		{9582C8E3-E244-484B-8EE7-6961BC6BFD4C}.Debug|x64.ActiveCfg = Debug|Any CPU
		{9582C8E3-E244-484B-8EE7-6961BC6BFD4C}.Debug|x64.Build.0 = Debug|Any CPU
		{9582C8E3-E244-484B-8EE7-6961BC6BFD4C}.Release|Any CPU.ActiveCfg = Release|Any CPU
		{9582C8E3-E244-484B-8EE7-6961BC6BFD4C}.Release|Any CPU.Build.0 = Release|Any CPU
		{9582C8E3-E244-484B-8EE7-6961BC6BFD4C}.Release|x64.ActiveCfg = Release|Any CPU
		{9582C8E3-E244-484B-8EE7-6961BC6BFD4C}.Release|x64.Build.0 = Release|Any CPU
		{137E7ABA-0765-4C47-9D88-EFA34B95247F}.Debug|Any CPU.ActiveCfg = Debug|Any CPU
		{137E7ABA-0765-4C47-9D88-EFA34B95247F}.Debug|Any CPU.Build.0 = Debug|Any CPU
		{137E7ABA-0765-4C47-9D88-EFA34B95247F}.Debug|x64.ActiveCfg = Debug|Any CPU
		{137E7ABA-0765-4C47-9D88-EFA34B95247F}.Debug|x64.Build.0 = Debug|Any CPU
		{137E7ABA-0765-4C47-9D88-EFA34B95247F}.Release|Any CPU.ActiveCfg = Release|Any CPU
		{137E7ABA-0765-4C47-9D88-EFA34B95247F}.Release|Any CPU.Build.0 = Release|Any CPU
		{137E7ABA-0765-4C47-9D88-EFA34B95247F}.Release|x64.ActiveCfg = Release|Any CPU
		{137E7ABA-0765-4C47-9D88-EFA34B95247F}.Release|x64.Build.0 = Release|Any CPU
		{C9A93FB7-FB22-4665-BD3C-343BAAC869B1}.Debug|Any CPU.ActiveCfg = Debug|Any CPU
		{C9A93FB7-FB22-4665-BD3C-343BAAC869B1}.Debug|Any CPU.Build.0 = Debug|Any CPU
		{C9A93FB7-FB22-4665-BD3C-343BAAC869B1}.Debug|x64.ActiveCfg = Debug|Any CPU
		{C9A93FB7-FB22-4665-BD3C-343BAAC869B1}.Debug|x64.Build.0 = Debug|Any CPU
		{C9A93FB7-FB22-4665-BD3C-343BAAC869B1}.Release|Any CPU.ActiveCfg = Release|Any CPU
		{C9A93FB7-FB22-4665-BD3C-343BAAC869B1}.Release|Any CPU.Build.0 = Release|Any CPU
		{C9A93FB7-FB22-4665-BD3C-343BAAC869B1}.Release|x64.ActiveCfg = Release|Any CPU
		{C9A93FB7-FB22-4665-BD3C-343BAAC869B1}.Release|x64.Build.0 = Release|Any CPU
		{804CBC99-3391-4F25-9690-82AE58FE2C86}.Debug|Any CPU.ActiveCfg = Debug|Any CPU
		{804CBC99-3391-4F25-9690-82AE58FE2C86}.Debug|Any CPU.Build.0 = Debug|Any CPU
		{804CBC99-3391-4F25-9690-82AE58FE2C86}.Debug|x64.ActiveCfg = Debug|Any CPU
		{804CBC99-3391-4F25-9690-82AE58FE2C86}.Debug|x64.Build.0 = Debug|Any CPU
		{804CBC99-3391-4F25-9690-82AE58FE2C86}.Release|Any CPU.ActiveCfg = Release|Any CPU
		{804CBC99-3391-4F25-9690-82AE58FE2C86}.Release|Any CPU.Build.0 = Release|Any CPU
		{804CBC99-3391-4F25-9690-82AE58FE2C86}.Release|x64.ActiveCfg = Release|Any CPU
		{804CBC99-3391-4F25-9690-82AE58FE2C86}.Release|x64.Build.0 = Release|Any CPU
		{CB015331-18B5-415D-9A32-7747813E6EA2}.Debug|Any CPU.ActiveCfg = Debug|Any CPU
		{CB015331-18B5-415D-9A32-7747813E6EA2}.Debug|Any CPU.Build.0 = Debug|Any CPU
		{CB015331-18B5-415D-9A32-7747813E6EA2}.Debug|x64.ActiveCfg = Debug|Any CPU
		{CB015331-18B5-415D-9A32-7747813E6EA2}.Debug|x64.Build.0 = Debug|Any CPU
		{CB015331-18B5-415D-9A32-7747813E6EA2}.Release|Any CPU.ActiveCfg = Release|Any CPU
		{CB015331-18B5-415D-9A32-7747813E6EA2}.Release|Any CPU.Build.0 = Release|Any CPU
		{CB015331-18B5-415D-9A32-7747813E6EA2}.Release|x64.ActiveCfg = Release|Any CPU
		{CB015331-18B5-415D-9A32-7747813E6EA2}.Release|x64.Build.0 = Release|Any CPU
		{2FEE654A-3A8A-4A92-9D5F-1005D3891B42}.Debug|Any CPU.ActiveCfg = Debug|Any CPU
		{2FEE654A-3A8A-4A92-9D5F-1005D3891B42}.Debug|Any CPU.Build.0 = Debug|Any CPU
		{2FEE654A-3A8A-4A92-9D5F-1005D3891B42}.Debug|x64.ActiveCfg = Debug|Any CPU
		{2FEE654A-3A8A-4A92-9D5F-1005D3891B42}.Debug|x64.Build.0 = Debug|Any CPU
		{2FEE654A-3A8A-4A92-9D5F-1005D3891B42}.Release|Any CPU.ActiveCfg = Release|Any CPU
		{2FEE654A-3A8A-4A92-9D5F-1005D3891B42}.Release|Any CPU.Build.0 = Release|Any CPU
		{2FEE654A-3A8A-4A92-9D5F-1005D3891B42}.Release|x64.ActiveCfg = Release|Any CPU
		{2FEE654A-3A8A-4A92-9D5F-1005D3891B42}.Release|x64.Build.0 = Release|Any CPU
		{0FC1B82F-14D4-4697-A98C-CB11BA167AF1}.Debug|Any CPU.ActiveCfg = Debug|Any CPU
		{0FC1B82F-14D4-4697-A98C-CB11BA167AF1}.Debug|Any CPU.Build.0 = Debug|Any CPU
		{0FC1B82F-14D4-4697-A98C-CB11BA167AF1}.Debug|x64.ActiveCfg = Debug|Any CPU
		{0FC1B82F-14D4-4697-A98C-CB11BA167AF1}.Debug|x64.Build.0 = Debug|Any CPU
		{0FC1B82F-14D4-4697-A98C-CB11BA167AF1}.Release|Any CPU.ActiveCfg = Release|Any CPU
		{0FC1B82F-14D4-4697-A98C-CB11BA167AF1}.Release|Any CPU.Build.0 = Release|Any CPU
		{0FC1B82F-14D4-4697-A98C-CB11BA167AF1}.Release|x64.ActiveCfg = Release|Any CPU
		{0FC1B82F-14D4-4697-A98C-CB11BA167AF1}.Release|x64.Build.0 = Release|Any CPU
		{6D1B1705-9FDB-4BF4-AE2B-48C4FB73580D}.Debug|Any CPU.ActiveCfg = Debug|Any CPU
		{6D1B1705-9FDB-4BF4-AE2B-48C4FB73580D}.Debug|Any CPU.Build.0 = Debug|Any CPU
		{6D1B1705-9FDB-4BF4-AE2B-48C4FB73580D}.Debug|x64.ActiveCfg = Debug|Any CPU
		{6D1B1705-9FDB-4BF4-AE2B-48C4FB73580D}.Debug|x64.Build.0 = Debug|Any CPU
		{6D1B1705-9FDB-4BF4-AE2B-48C4FB73580D}.Release|Any CPU.ActiveCfg = Release|Any CPU
		{6D1B1705-9FDB-4BF4-AE2B-48C4FB73580D}.Release|Any CPU.Build.0 = Release|Any CPU
		{6D1B1705-9FDB-4BF4-AE2B-48C4FB73580D}.Release|x64.ActiveCfg = Release|Any CPU
		{6D1B1705-9FDB-4BF4-AE2B-48C4FB73580D}.Release|x64.Build.0 = Release|Any CPU
		{04385A44-3574-492D-9ACE-753B64427BAB}.Debug|Any CPU.ActiveCfg = Debug|x64
		{04385A44-3574-492D-9ACE-753B64427BAB}.Debug|x64.ActiveCfg = Debug|x64
		{04385A44-3574-492D-9ACE-753B64427BAB}.Debug|x64.Build.0 = Debug|x64
		{04385A44-3574-492D-9ACE-753B64427BAB}.Debug|x64.Deploy.0 = Debug|x64
		{04385A44-3574-492D-9ACE-753B64427BAB}.Release|Any CPU.ActiveCfg = Release|x64
		{04385A44-3574-492D-9ACE-753B64427BAB}.Release|x64.ActiveCfg = Release|x64
		{04385A44-3574-492D-9ACE-753B64427BAB}.Release|x64.Build.0 = Release|x64
		{04385A44-3574-492D-9ACE-753B64427BAB}.Release|x64.Deploy.0 = Release|x64
		{6D425067-1DCC-4DE4-B538-CBB481308572}.Debug|Any CPU.ActiveCfg = Debug|Any CPU
		{6D425067-1DCC-4DE4-B538-CBB481308572}.Debug|Any CPU.Build.0 = Debug|Any CPU
		{6D425067-1DCC-4DE4-B538-CBB481308572}.Debug|x64.ActiveCfg = Debug|Any CPU
		{6D425067-1DCC-4DE4-B538-CBB481308572}.Debug|x64.Build.0 = Debug|Any CPU
		{6D425067-1DCC-4DE4-B538-CBB481308572}.Release|Any CPU.ActiveCfg = Release|Any CPU
		{6D425067-1DCC-4DE4-B538-CBB481308572}.Release|Any CPU.Build.0 = Release|Any CPU
		{6D425067-1DCC-4DE4-B538-CBB481308572}.Release|x64.ActiveCfg = Release|Any CPU
		{6D425067-1DCC-4DE4-B538-CBB481308572}.Release|x64.Build.0 = Release|Any CPU
		{1D0E68A3-90AB-4518-8D2C-EEFD27127898}.Debug|Any CPU.ActiveCfg = Debug|Any CPU
		{1D0E68A3-90AB-4518-8D2C-EEFD27127898}.Debug|Any CPU.Build.0 = Debug|Any CPU
		{1D0E68A3-90AB-4518-8D2C-EEFD27127898}.Debug|x64.ActiveCfg = Debug|Any CPU
		{1D0E68A3-90AB-4518-8D2C-EEFD27127898}.Debug|x64.Build.0 = Debug|Any CPU
		{1D0E68A3-90AB-4518-8D2C-EEFD27127898}.Release|Any CPU.ActiveCfg = Release|Any CPU
		{1D0E68A3-90AB-4518-8D2C-EEFD27127898}.Release|Any CPU.Build.0 = Release|Any CPU
		{1D0E68A3-90AB-4518-8D2C-EEFD27127898}.Release|x64.ActiveCfg = Release|Any CPU
		{1D0E68A3-90AB-4518-8D2C-EEFD27127898}.Release|x64.Build.0 = Release|Any CPU
		{CF26AC12-0226-4D68-A21F-5BC33B9CC457}.Debug|Any CPU.ActiveCfg = Debug|Any CPU
		{CF26AC12-0226-4D68-A21F-5BC33B9CC457}.Debug|Any CPU.Build.0 = Debug|Any CPU
		{CF26AC12-0226-4D68-A21F-5BC33B9CC457}.Debug|x64.ActiveCfg = Debug|Any CPU
		{CF26AC12-0226-4D68-A21F-5BC33B9CC457}.Debug|x64.Build.0 = Debug|Any CPU
		{CF26AC12-0226-4D68-A21F-5BC33B9CC457}.Release|Any CPU.ActiveCfg = Release|Any CPU
		{CF26AC12-0226-4D68-A21F-5BC33B9CC457}.Release|Any CPU.Build.0 = Release|Any CPU
		{CF26AC12-0226-4D68-A21F-5BC33B9CC457}.Release|x64.ActiveCfg = Release|Any CPU
		{CF26AC12-0226-4D68-A21F-5BC33B9CC457}.Release|x64.Build.0 = Release|Any CPU
		{4BAB8FEC-E54C-43C3-A63C-5290F09F722C}.Debug|Any CPU.ActiveCfg = Debug|Any CPU
		{4BAB8FEC-E54C-43C3-A63C-5290F09F722C}.Debug|Any CPU.Build.0 = Debug|Any CPU
		{4BAB8FEC-E54C-43C3-A63C-5290F09F722C}.Debug|x64.ActiveCfg = Debug|Any CPU
		{4BAB8FEC-E54C-43C3-A63C-5290F09F722C}.Debug|x64.Build.0 = Debug|Any CPU
		{4BAB8FEC-E54C-43C3-A63C-5290F09F722C}.Release|Any CPU.ActiveCfg = Release|Any CPU
		{4BAB8FEC-E54C-43C3-A63C-5290F09F722C}.Release|Any CPU.Build.0 = Release|Any CPU
		{4BAB8FEC-E54C-43C3-A63C-5290F09F722C}.Release|x64.ActiveCfg = Release|Any CPU
		{4BAB8FEC-E54C-43C3-A63C-5290F09F722C}.Release|x64.Build.0 = Release|Any CPU
		{E7DAC460-0CF6-4515-967A-DC2BE39C8B7D}.Debug|Any CPU.ActiveCfg = Debug|Any CPU
		{E7DAC460-0CF6-4515-967A-DC2BE39C8B7D}.Debug|Any CPU.Build.0 = Debug|Any CPU
		{E7DAC460-0CF6-4515-967A-DC2BE39C8B7D}.Debug|x64.ActiveCfg = Debug|Any CPU
		{E7DAC460-0CF6-4515-967A-DC2BE39C8B7D}.Debug|x64.Build.0 = Debug|Any CPU
		{E7DAC460-0CF6-4515-967A-DC2BE39C8B7D}.Release|Any CPU.ActiveCfg = Release|Any CPU
		{E7DAC460-0CF6-4515-967A-DC2BE39C8B7D}.Release|Any CPU.Build.0 = Release|Any CPU
		{E7DAC460-0CF6-4515-967A-DC2BE39C8B7D}.Release|x64.ActiveCfg = Release|Any CPU
		{E7DAC460-0CF6-4515-967A-DC2BE39C8B7D}.Release|x64.Build.0 = Release|Any CPU
	EndGlobalSection
	GlobalSection(SolutionProperties) = preSolution
		HideSolutionNode = FALSE
	EndGlobalSection
	GlobalSection(NestedProjects) = preSolution
		{9582C8E3-E244-484B-8EE7-6961BC6BFD4C} = {AAAF4F71-1A3D-4089-906D-B288EFFFA59B}
		{137E7ABA-0765-4C47-9D88-EFA34B95247F} = {AAAF4F71-1A3D-4089-906D-B288EFFFA59B}
		{C9A93FB7-FB22-4665-BD3C-343BAAC869B1} = {EBF07D56-076C-454B-9301-C528ECE03E54}
		{804CBC99-3391-4F25-9690-82AE58FE2C86} = {EBF07D56-076C-454B-9301-C528ECE03E54}
		{CB015331-18B5-415D-9A32-7747813E6EA2} = {EBF07D56-076C-454B-9301-C528ECE03E54}
		{2FEE654A-3A8A-4A92-9D5F-1005D3891B42} = {EBF07D56-076C-454B-9301-C528ECE03E54}
		{0FC1B82F-14D4-4697-A98C-CB11BA167AF1} = {EBF07D56-076C-454B-9301-C528ECE03E54}
		{6D1B1705-9FDB-4BF4-AE2B-48C4FB73580D} = {EBF07D56-076C-454B-9301-C528ECE03E54}
		{04385A44-3574-492D-9ACE-753B64427BAB} = {EBF07D56-076C-454B-9301-C528ECE03E54}
		{6D425067-1DCC-4DE4-B538-CBB481308572} = {EBF07D56-076C-454B-9301-C528ECE03E54}
		{1D0E68A3-90AB-4518-8D2C-EEFD27127898} = {EBF07D56-076C-454B-9301-C528ECE03E54}
		{CF26AC12-0226-4D68-A21F-5BC33B9CC457} = {EBF07D56-076C-454B-9301-C528ECE03E54}
		{4BAB8FEC-E54C-43C3-A63C-5290F09F722C} = {EBF07D56-076C-454B-9301-C528ECE03E54}
		{E7DAC460-0CF6-4515-967A-DC2BE39C8B7D} = {EBF07D56-076C-454B-9301-C528ECE03E54}
	EndGlobalSection
	GlobalSection(ExtensibilityGlobals) = postSolution
		SolutionGuid = {4FCDBD37-2C6E-4445-88E0-FB5FDA222C97}
	EndGlobalSection
EndGlobal
