
Microsoft Visual Studio Solution File, Format Version 12.00
# Visual Studio 15
VisualStudioVersion = 15.0.28010.2026
MinimumVisualStudioVersion = 10.0.40219.1
Project("{2150E333-8FDC-42A3-9474-1A3956D46DE8}") = "Core", "Core", "{AAAF4F71-1A3D-4089-906D-B288EFFFA59B}"
EndProject
Project("{FAE04EC0-301F-11D3-BF4B-00C04F79EFBC}") = "PS.MAD.D4AS.Entities", "PS.MAD.D4AS.Entities\PS.MAD.D4AS.Entities.csproj", "{9582C8E3-E244-484B-8EE7-6961BC6BFD4C}"
EndProject
Project("{FAE04EC0-301F-11D3-BF4B-00C04F79EFBC}") = "PS.MAD.D4AS.UseCases", "PS.MAD.D4AS.UseCases\PS.MAD.D4AS.UseCases.csproj", "{137E7ABA-0765-4C47-9D88-EFA34B95247F}"
EndProject
Project("{2150E333-8FDC-42A3-9474-1A3956D46DE8}") = "External", "External", "{EBF07D56-076C-454B-9301-C528ECE03E54}"
EndProject
Project("{FAE04EC0-301F-11D3-BF4B-00C04F79EFBC}") = "PS.MAD.D4AS.DataAccess", "PS.MAD.D4AS.DataAccess\PS.MAD.D4AS.DataAccess.csproj", "{C9A93FB7-FB22-4665-BD3C-343BAAC869B1}"
EndProject
Project("{FAE04EC0-301F-11D3-BF4B-00C04F79EFBC}") = "PS.MAD.D4AS.Storage", "PS.MAD.D4AS.Storage\PS.MAD.D4AS.Storage.csproj", "{804CBC99-3391-4F25-9690-82AE58FE2C86}"
EndProject
Project("{FAE04EC0-301F-11D3-BF4B-00C04F79EFBC}") = "PS.MAD.D4AS.API", "PS.MAD.D4AS.API\PS.MAD.D4AS.API.csproj", "{CB015331-18B5-415D-9A32-7747813E6EA2}"
EndProject
Project("{FAE04EC0-301F-11D3-BF4B-00C04F79EFBC}") = "PS.MAD.D4AS.Startup", "PS.MAD.D4AS.Startup\PS.MAD.D4AS.Startup.csproj", "{2FEE654A-3A8A-4A92-9D5F-1005D3891B42}"
EndProject
Global
	GlobalSection(SolutionConfigurationPlatforms) = preSolution
		Debug|Any CPU = Debug|Any CPU
		Release|Any CPU = Release|Any CPU
	EndGlobalSection
	GlobalSection(ProjectConfigurationPlatforms) = postSolution
		{9582C8E3-E244-484B-8EE7-6961BC6BFD4C}.Debug|Any CPU.ActiveCfg = Debug|Any CPU
		{9582C8E3-E244-484B-8EE7-6961BC6BFD4C}.Debug|Any CPU.Build.0 = Debug|Any CPU
		{9582C8E3-E244-484B-8EE7-6961BC6BFD4C}.Release|Any CPU.ActiveCfg = Release|Any CPU
		{9582C8E3-E244-484B-8EE7-6961BC6BFD4C}.Release|Any CPU.Build.0 = Release|Any CPU
		{137E7ABA-0765-4C47-9D88-EFA34B95247F}.Debug|Any CPU.ActiveCfg = Debug|Any CPU
		{137E7ABA-0765-4C47-9D88-EFA34B95247F}.Debug|Any CPU.Build.0 = Debug|Any CPU
		{137E7ABA-0765-4C47-9D88-EFA34B95247F}.Release|Any CPU.ActiveCfg = Release|Any CPU
		{137E7ABA-0765-4C47-9D88-EFA34B95247F}.Release|Any CPU.Build.0 = Release|Any CPU
		{C9A93FB7-FB22-4665-BD3C-343BAAC869B1}.Debug|Any CPU.ActiveCfg = Debug|Any CPU
		{C9A93FB7-FB22-4665-BD3C-343BAAC869B1}.Debug|Any CPU.Build.0 = Debug|Any CPU
		{C9A93FB7-FB22-4665-BD3C-343BAAC869B1}.Release|Any CPU.ActiveCfg = Release|Any CPU
		{C9A93FB7-FB22-4665-BD3C-343BAAC869B1}.Release|Any CPU.Build.0 = Release|Any CPU
		{804CBC99-3391-4F25-9690-82AE58FE2C86}.Debug|Any CPU.ActiveCfg = Debug|Any CPU
		{804CBC99-3391-4F25-9690-82AE58FE2C86}.Debug|Any CPU.Build.0 = Debug|Any CPU
		{804CBC99-3391-4F25-9690-82AE58FE2C86}.Release|Any CPU.ActiveCfg = Release|Any CPU
		{804CBC99-3391-4F25-9690-82AE58FE2C86}.Release|Any CPU.Build.0 = Release|Any CPU
		{CB015331-18B5-415D-9A32-7747813E6EA2}.Debug|Any CPU.ActiveCfg = Debug|Any CPU
		{CB015331-18B5-415D-9A32-7747813E6EA2}.Debug|Any CPU.Build.0 = Debug|Any CPU
		{CB015331-18B5-415D-9A32-7747813E6EA2}.Release|Any CPU.ActiveCfg = Release|Any CPU
		{CB015331-18B5-415D-9A32-7747813E6EA2}.Release|Any CPU.Build.0 = Release|Any CPU
		{2FEE654A-3A8A-4A92-9D5F-1005D3891B42}.Debug|Any CPU.ActiveCfg = Debug|Any CPU
		{2FEE654A-3A8A-4A92-9D5F-1005D3891B42}.Debug|Any CPU.Build.0 = Debug|Any CPU
		{2FEE654A-3A8A-4A92-9D5F-1005D3891B42}.Release|Any CPU.ActiveCfg = Release|Any CPU
		{2FEE654A-3A8A-4A92-9D5F-1005D3891B42}.Release|Any CPU.Build.0 = Release|Any CPU
	EndGlobalSection
	GlobalSection(SolutionProperties) = preSolution
		HideSolutionNode = FALSE
	EndGlobalSection
	GlobalSection(NestedProjects) = preSolution
		{9582C8E3-E244-484B-8EE7-6961BC6BFD4C} = {AAAF4F71-1A3D-4089-906D-B288EFFFA59B}
		{137E7ABA-0765-4C47-9D88-EFA34B95247F} = {AAAF4F71-1A3D-4089-906D-B288EFFFA59B}
		{C9A93FB7-FB22-4665-BD3C-343BAAC869B1} = {EBF07D56-076C-454B-9301-C528ECE03E54}
		{804CBC99-3391-4F25-9690-82AE58FE2C86} = {EBF07D56-076C-454B-9301-C528ECE03E54}
		{CB015331-18B5-415D-9A32-7747813E6EA2} = {EBF07D56-076C-454B-9301-C528ECE03E54}
		{2FEE654A-3A8A-4A92-9D5F-1005D3891B42} = {EBF07D56-076C-454B-9301-C528ECE03E54}
	EndGlobalSection
	GlobalSection(ExtensibilityGlobals) = postSolution
		SolutionGuid = {4FCDBD37-2C6E-4445-88E0-FB5FDA222C97}
	EndGlobalSection
EndGlobal
